// !$*UTF8*$!
{
	archiveVersion = 1;
	classes = {
	};
	objectVersion = 46;
	objects = {

/* Begin PBXBuildFile section */
		C46C58651A61713F00F2394A /* NSDictionary+twitterFields.m in Sources */ = {isa = PBXBuildFile; fileRef = C46C58641A61713F00F2394A /* NSDictionary+twitterFields.m */; };
		C46C58681A618F8B00F2394A /* Geometry.m in Sources */ = {isa = PBXBuildFile; fileRef = C46C58671A618F8B00F2394A /* Geometry.m */; };
		C46C58711A62D85000F2394A /* ImageLoader.m in Sources */ = {isa = PBXBuildFile; fileRef = C46C58701A62D85000F2394A /* ImageLoader.m */; };
		C474FE491A6052CB0001E5C3 /* TableVC.m in Sources */ = {isa = PBXBuildFile; fileRef = C474FE481A6052CB0001E5C3 /* TableVC.m */; };
		C474FE4C1A6052F30001E5C3 /* CollectionVC.m in Sources */ = {isa = PBXBuildFile; fileRef = C474FE4B1A6052F30001E5C3 /* CollectionVC.m */; };
		C4CF59DB1A6EA2BE00D939C6 /* NetworkManager.m in Sources */ = {isa = PBXBuildFile; fileRef = C4CF59DA1A6EA2BE00D939C6 /* NetworkManager.m */; };
		C4CF59DF1A6ED60F00D939C6 /* Helper.m in Sources */ = {isa = PBXBuildFile; fileRef = C4CF59DE1A6ED60F00D939C6 /* Helper.m */; };
		C4CF59E31A6EED3600D939C6 /* BaseVC.m in Sources */ = {isa = PBXBuildFile; fileRef = C4CF59E21A6EED3600D939C6 /* BaseVC.m */; };
		C4D77B2E1A5ED6EF00DB83EC /* main.m in Sources */ = {isa = PBXBuildFile; fileRef = C4D77B2D1A5ED6EF00DB83EC /* main.m */; };
		C4D77B311A5ED6EF00DB83EC /* AppDelegate.m in Sources */ = {isa = PBXBuildFile; fileRef = C4D77B301A5ED6EF00DB83EC /* AppDelegate.m */; };
		C4D77B341A5ED6EF00DB83EC /* ViewController.m in Sources */ = {isa = PBXBuildFile; fileRef = C4D77B331A5ED6EF00DB83EC /* ViewController.m */; };
		C4D77B371A5ED6EF00DB83EC /* Main.storyboard in Resources */ = {isa = PBXBuildFile; fileRef = C4D77B351A5ED6EF00DB83EC /* Main.storyboard */; };
		C4D77B391A5ED6EF00DB83EC /* Images.xcassets in Resources */ = {isa = PBXBuildFile; fileRef = C4D77B381A5ED6EF00DB83EC /* Images.xcassets */; };
		C4D77B3C1A5ED6EF00DB83EC /* LaunchScreen.xib in Resources */ = {isa = PBXBuildFile; fileRef = C4D77B3A1A5ED6EF00DB83EC /* LaunchScreen.xib */; };
		C4D77B481A5ED6EF00DB83EC /* TwitterClientTests.m in Sources */ = {isa = PBXBuildFile; fileRef = C4D77B471A5ED6EF00DB83EC /* TwitterClientTests.m */; };
		C4D77B521A5EDCB800DB83EC /* Social.framework in Frameworks */ = {isa = PBXBuildFile; fileRef = C4D77B511A5EDCB800DB83EC /* Social.framework */; };
		C4D77B541A5EDCC200DB83EC /* Accounts.framework in Frameworks */ = {isa = PBXBuildFile; fileRef = C4D77B531A5EDCC200DB83EC /* Accounts.framework */; };
		C4D77B561A5EDCC800DB83EC /* UIKit.framework in Frameworks */ = {isa = PBXBuildFile; fileRef = C4D77B551A5EDCC800DB83EC /* UIKit.framework */; };
		C4D77B581A5EDCD000DB83EC /* Foundation.framework in Frameworks */ = {isa = PBXBuildFile; fileRef = C4D77B571A5EDCD000DB83EC /* Foundation.framework */; };
/* End PBXBuildFile section */

/* Begin PBXContainerItemProxy section */
		C4D77B421A5ED6EF00DB83EC /* PBXContainerItemProxy */ = {
			isa = PBXContainerItemProxy;
			containerPortal = C4D77B201A5ED6EF00DB83EC /* Project object */;
			proxyType = 1;
			remoteGlobalIDString = C4D77B271A5ED6EF00DB83EC;
			remoteInfo = TwitterClient;
		};
/* End PBXContainerItemProxy section */

/* Begin PBXFileReference section */
		C46C58631A61713F00F2394A /* NSDictionary+twitterFields.h */ = {isa = PBXFileReference; fileEncoding = 4; lastKnownFileType = sourcecode.c.h; path = "NSDictionary+twitterFields.h"; sourceTree = "<group>"; };
		C46C58641A61713F00F2394A /* NSDictionary+twitterFields.m */ = {isa = PBXFileReference; fileEncoding = 4; lastKnownFileType = sourcecode.c.objc; path = "NSDictionary+twitterFields.m"; sourceTree = "<group>"; };
		C46C58661A618F8B00F2394A /* Geometry.h */ = {isa = PBXFileReference; fileEncoding = 4; lastKnownFileType = sourcecode.c.h; path = Geometry.h; sourceTree = "<group>"; };
		C46C58671A618F8B00F2394A /* Geometry.m */ = {isa = PBXFileReference; fileEncoding = 4; lastKnownFileType = sourcecode.c.objc; path = Geometry.m; sourceTree = "<group>"; };
		C46C586F1A62D85000F2394A /* ImageLoader.h */ = {isa = PBXFileReference; fileEncoding = 4; lastKnownFileType = sourcecode.c.h; path = ImageLoader.h; sourceTree = "<group>"; };
		C46C58701A62D85000F2394A /* ImageLoader.m */ = {isa = PBXFileReference; fileEncoding = 4; lastKnownFileType = sourcecode.c.objc; path = ImageLoader.m; sourceTree = "<group>"; };
		C474FE471A6052CB0001E5C3 /* TableVC.h */ = {isa = PBXFileReference; fileEncoding = 4; lastKnownFileType = sourcecode.c.h; path = TableVC.h; sourceTree = "<group>"; };
		C474FE481A6052CB0001E5C3 /* TableVC.m */ = {isa = PBXFileReference; fileEncoding = 4; lastKnownFileType = sourcecode.c.objc; path = TableVC.m; sourceTree = "<group>"; };
		C474FE4A1A6052F30001E5C3 /* CollectionVC.h */ = {isa = PBXFileReference; fileEncoding = 4; lastKnownFileType = sourcecode.c.h; path = CollectionVC.h; sourceTree = "<group>"; };
		C474FE4B1A6052F30001E5C3 /* CollectionVC.m */ = {isa = PBXFileReference; fileEncoding = 4; lastKnownFileType = sourcecode.c.objc; path = CollectionVC.m; sourceTree = "<group>"; };
		C4CF59D91A6EA2BE00D939C6 /* NetworkManager.h */ = {isa = PBXFileReference; fileEncoding = 4; lastKnownFileType = sourcecode.c.h; path = NetworkManager.h; sourceTree = "<group>"; };
		C4CF59DA1A6EA2BE00D939C6 /* NetworkManager.m */ = {isa = PBXFileReference; fileEncoding = 4; lastKnownFileType = sourcecode.c.objc; path = NetworkManager.m; sourceTree = "<group>"; };
		C4CF59DD1A6ED60F00D939C6 /* Helper.h */ = {isa = PBXFileReference; fileEncoding = 4; lastKnownFileType = sourcecode.c.h; path = Helper.h; sourceTree = "<group>"; };
		C4CF59DE1A6ED60F00D939C6 /* Helper.m */ = {isa = PBXFileReference; fileEncoding = 4; lastKnownFileType = sourcecode.c.objc; path = Helper.m; sourceTree = "<group>"; };
		C4CF59E11A6EED3600D939C6 /* BaseVC.h */ = {isa = PBXFileReference; fileEncoding = 4; lastKnownFileType = sourcecode.c.h; path = BaseVC.h; sourceTree = "<group>"; };
		C4CF59E21A6EED3600D939C6 /* BaseVC.m */ = {isa = PBXFileReference; fileEncoding = 4; lastKnownFileType = sourcecode.c.objc; path = BaseVC.m; sourceTree = "<group>"; };
		C4D77B281A5ED6EF00DB83EC /* TwitterClient.app */ = {isa = PBXFileReference; explicitFileType = wrapper.application; includeInIndex = 0; path = TwitterClient.app; sourceTree = BUILT_PRODUCTS_DIR; };
		C4D77B2C1A5ED6EF00DB83EC /* Info.plist */ = {isa = PBXFileReference; lastKnownFileType = text.plist.xml; path = Info.plist; sourceTree = "<group>"; };
		C4D77B2D1A5ED6EF00DB83EC /* main.m */ = {isa = PBXFileReference; lastKnownFileType = sourcecode.c.objc; path = main.m; sourceTree = "<group>"; };
		C4D77B2F1A5ED6EF00DB83EC /* AppDelegate.h */ = {isa = PBXFileReference; lastKnownFileType = sourcecode.c.h; path = AppDelegate.h; sourceTree = "<group>"; };
		C4D77B301A5ED6EF00DB83EC /* AppDelegate.m */ = {isa = PBXFileReference; lastKnownFileType = sourcecode.c.objc; path = AppDelegate.m; sourceTree = "<group>"; };
		C4D77B321A5ED6EF00DB83EC /* ViewController.h */ = {isa = PBXFileReference; lastKnownFileType = sourcecode.c.h; path = ViewController.h; sourceTree = "<group>"; };
		C4D77B331A5ED6EF00DB83EC /* ViewController.m */ = {isa = PBXFileReference; lastKnownFileType = sourcecode.c.objc; path = ViewController.m; sourceTree = "<group>"; };
		C4D77B361A5ED6EF00DB83EC /* Base */ = {isa = PBXFileReference; lastKnownFileType = file.storyboard; name = Base; path = Base.lproj/Main.storyboard; sourceTree = "<group>"; };
		C4D77B381A5ED6EF00DB83EC /* Images.xcassets */ = {isa = PBXFileReference; lastKnownFileType = folder.assetcatalog; path = Images.xcassets; sourceTree = "<group>"; };
		C4D77B3B1A5ED6EF00DB83EC /* Base */ = {isa = PBXFileReference; lastKnownFileType = file.xib; name = Base; path = Base.lproj/LaunchScreen.xib; sourceTree = "<group>"; };
		C4D77B411A5ED6EF00DB83EC /* TwitterClientTests.xctest */ = {isa = PBXFileReference; explicitFileType = wrapper.cfbundle; includeInIndex = 0; path = TwitterClientTests.xctest; sourceTree = BUILT_PRODUCTS_DIR; };
		C4D77B461A5ED6EF00DB83EC /* Info.plist */ = {isa = PBXFileReference; lastKnownFileType = text.plist.xml; path = Info.plist; sourceTree = "<group>"; };
		C4D77B471A5ED6EF00DB83EC /* TwitterClientTests.m */ = {isa = PBXFileReference; lastKnownFileType = sourcecode.c.objc; path = TwitterClientTests.m; sourceTree = "<group>"; };
		C4D77B511A5EDCB800DB83EC /* Social.framework */ = {isa = PBXFileReference; lastKnownFileType = wrapper.framework; name = Social.framework; path = System/Library/Frameworks/Social.framework; sourceTree = SDKROOT; };
		C4D77B531A5EDCC200DB83EC /* Accounts.framework */ = {isa = PBXFileReference; lastKnownFileType = wrapper.framework; name = Accounts.framework; path = System/Library/Frameworks/Accounts.framework; sourceTree = SDKROOT; };
		C4D77B551A5EDCC800DB83EC /* UIKit.framework */ = {isa = PBXFileReference; lastKnownFileType = wrapper.framework; name = UIKit.framework; path = System/Library/Frameworks/UIKit.framework; sourceTree = SDKROOT; };
		C4D77B571A5EDCD000DB83EC /* Foundation.framework */ = {isa = PBXFileReference; lastKnownFileType = wrapper.framework; name = Foundation.framework; path = System/Library/Frameworks/Foundation.framework; sourceTree = SDKROOT; };
/* End PBXFileReference section */

/* Begin PBXFrameworksBuildPhase section */
		C4D77B251A5ED6EF00DB83EC /* Frameworks */ = {
			isa = PBXFrameworksBuildPhase;
			buildActionMask = 2147483647;
			files = (
				C4D77B541A5EDCC200DB83EC /* Accounts.framework in Frameworks */,
				C4D77B561A5EDCC800DB83EC /* UIKit.framework in Frameworks */,
				C4D77B581A5EDCD000DB83EC /* Foundation.framework in Frameworks */,
				C4D77B521A5EDCB800DB83EC /* Social.framework in Frameworks */,
			);
			runOnlyForDeploymentPostprocessing = 0;
		};
		C4D77B3E1A5ED6EF00DB83EC /* Frameworks */ = {
			isa = PBXFrameworksBuildPhase;
			buildActionMask = 2147483647;
			files = (
			);
			runOnlyForDeploymentPostprocessing = 0;
		};
/* End PBXFrameworksBuildPhase section */

/* Begin PBXGroup section */
		C46C58691A629F2000F2394A /* Collection */ = {
			isa = PBXGroup;
			children = (
				C474FE4A1A6052F30001E5C3 /* CollectionVC.h */,
				C474FE4B1A6052F30001E5C3 /* CollectionVC.m */,
			);
			name = Collection;
			sourceTree = "<group>";
		};
		C46C586A1A629F2E00F2394A /* Table */ = {
			isa = PBXGroup;
			children = (
				C474FE471A6052CB0001E5C3 /* TableVC.h */,
				C474FE481A6052CB0001E5C3 /* TableVC.m */,
			);
			name = Table;
			sourceTree = "<group>";
		};
		C4CF59D81A6EA22100D939C6 /* Categories */ = {
			isa = PBXGroup;
			children = (
				C46C58631A61713F00F2394A /* NSDictionary+twitterFields.h */,
				C46C58641A61713F00F2394A /* NSDictionary+twitterFields.m */,
			);
			name = Categories;
			sourceTree = "<group>";
		};
		C4CF59DC1A6EA2EE00D939C6 /* Helpers */ = {
			isa = PBXGroup;
			children = (
				C4CF59D91A6EA2BE00D939C6 /* NetworkManager.h */,
				C4CF59DA1A6EA2BE00D939C6 /* NetworkManager.m */,
				C46C586F1A62D85000F2394A /* ImageLoader.h */,
				C46C58701A62D85000F2394A /* ImageLoader.m */,
				C46C58661A618F8B00F2394A /* Geometry.h */,
				C46C58671A618F8B00F2394A /* Geometry.m */,
				C4CF59DD1A6ED60F00D939C6 /* Helper.h */,
				C4CF59DE1A6ED60F00D939C6 /* Helper.m */,
			);
			name = Helpers;
			sourceTree = "<group>";
		};
		C4CF59E01A6EED0B00D939C6 /* ViewControllers */ = {
			isa = PBXGroup;
			children = (
				C4D77B321A5ED6EF00DB83EC /* ViewController.h */,
				C4D77B331A5ED6EF00DB83EC /* ViewController.m */,
				C4CF59E11A6EED3600D939C6 /* BaseVC.h */,
				C4CF59E21A6EED3600D939C6 /* BaseVC.m */,
			);
			name = ViewControllers;
			sourceTree = "<group>";
		};
		C4D77B1F1A5ED6EF00DB83EC = {
			isa = PBXGroup;
			children = (
				C4D77B2A1A5ED6EF00DB83EC /* TwitterClient */,
				C4D77B441A5ED6EF00DB83EC /* TwitterClientTests */,
				C4D77B291A5ED6EF00DB83EC /* Products */,
			);
			sourceTree = "<group>";
		};
		C4D77B291A5ED6EF00DB83EC /* Products */ = {
			isa = PBXGroup;
			children = (
				C4D77B281A5ED6EF00DB83EC /* TwitterClient.app */,
				C4D77B411A5ED6EF00DB83EC /* TwitterClientTests.xctest */,
			);
			name = Products;
			sourceTree = "<group>";
		};
		C4D77B2A1A5ED6EF00DB83EC /* TwitterClient */ = {
			isa = PBXGroup;
			children = (
				C4CF59E01A6EED0B00D939C6 /* ViewControllers */,
				C4CF59D81A6EA22100D939C6 /* Categories */,
				C4D77B2F1A5ED6EF00DB83EC /* AppDelegate.h */,
				C4D77B301A5ED6EF00DB83EC /* AppDelegate.m */,
				C4D77B351A5ED6EF00DB83EC /* Main.storyboard */,
				C46C58691A629F2000F2394A /* Collection */,
				C46C586A1A629F2E00F2394A /* Table */,
				C4CF59DC1A6EA2EE00D939C6 /* Helpers */,
				C4D77B3A1A5ED6EF00DB83EC /* LaunchScreen.xib */,
				C4D77B381A5ED6EF00DB83EC /* Images.xcassets */,
				C4D77B2B1A5ED6EF00DB83EC /* Supporting Files */,
				C4D77B591A5EDCF000DB83EC /* frameworks */,
			);
			path = TwitterClient;
			sourceTree = "<group>";
		};
		C4D77B2B1A5ED6EF00DB83EC /* Supporting Files */ = {
			isa = PBXGroup;
			children = (
				C4D77B2C1A5ED6EF00DB83EC /* Info.plist */,
				C4D77B2D1A5ED6EF00DB83EC /* main.m */,
			);
			name = "Supporting Files";
			sourceTree = "<group>";
		};
		C4D77B441A5ED6EF00DB83EC /* TwitterClientTests */ = {
			isa = PBXGroup;
			children = (
				C4D77B471A5ED6EF00DB83EC /* TwitterClientTests.m */,
				C4D77B451A5ED6EF00DB83EC /* Supporting Files */,
			);
			path = TwitterClientTests;
			sourceTree = "<group>";
		};
		C4D77B451A5ED6EF00DB83EC /* Supporting Files */ = {
			isa = PBXGroup;
			children = (
				C4D77B461A5ED6EF00DB83EC /* Info.plist */,
			);
			name = "Supporting Files";
			sourceTree = "<group>";
		};
		C4D77B591A5EDCF000DB83EC /* frameworks */ = {
			isa = PBXGroup;
			children = (
				C4D77B571A5EDCD000DB83EC /* Foundation.framework */,
				C4D77B551A5EDCC800DB83EC /* UIKit.framework */,
				C4D77B531A5EDCC200DB83EC /* Accounts.framework */,
				C4D77B511A5EDCB800DB83EC /* Social.framework */,
			);
			name = frameworks;
			sourceTree = "<group>";
		};
/* End PBXGroup section */

/* Begin PBXNativeTarget section */
		C4D77B271A5ED6EF00DB83EC /* TwitterClient */ = {
			isa = PBXNativeTarget;
			buildConfigurationList = C4D77B4B1A5ED6EF00DB83EC /* Build configuration list for PBXNativeTarget "TwitterClient" */;
			buildPhases = (
				C4D77B241A5ED6EF00DB83EC /* Sources */,
				C4D77B251A5ED6EF00DB83EC /* Frameworks */,
				C4D77B261A5ED6EF00DB83EC /* Resources */,
			);
			buildRules = (
			);
			dependencies = (
			);
			name = TwitterClient;
			productName = TwitterClient;
			productReference = C4D77B281A5ED6EF00DB83EC /* TwitterClient.app */;
			productType = "com.apple.product-type.application";
		};
		C4D77B401A5ED6EF00DB83EC /* TwitterClientTests */ = {
			isa = PBXNativeTarget;
			buildConfigurationList = C4D77B4E1A5ED6EF00DB83EC /* Build configuration list for PBXNativeTarget "TwitterClientTests" */;
			buildPhases = (
				C4D77B3D1A5ED6EF00DB83EC /* Sources */,
				C4D77B3E1A5ED6EF00DB83EC /* Frameworks */,
				C4D77B3F1A5ED6EF00DB83EC /* Resources */,
			);
			buildRules = (
			);
			dependencies = (
				C4D77B431A5ED6EF00DB83EC /* PBXTargetDependency */,
			);
			name = TwitterClientTests;
			productName = TwitterClientTests;
			productReference = C4D77B411A5ED6EF00DB83EC /* TwitterClientTests.xctest */;
			productType = "com.apple.product-type.bundle.unit-test";
		};
/* End PBXNativeTarget section */

/* Begin PBXProject section */
		C4D77B201A5ED6EF00DB83EC /* Project object */ = {
			isa = PBXProject;
			attributes = {
				LastUpgradeCheck = 0610;
				ORGANIZATIONNAME = Ekaterina;
				TargetAttributes = {
					C4D77B271A5ED6EF00DB83EC = {
						CreatedOnToolsVersion = 6.1.1;
					};
					C4D77B401A5ED6EF00DB83EC = {
						CreatedOnToolsVersion = 6.1.1;
						TestTargetID = C4D77B271A5ED6EF00DB83EC;
					};
				};
			};
			buildConfigurationList = C4D77B231A5ED6EF00DB83EC /* Build configuration list for PBXProject "TwitterClient" */;
			compatibilityVersion = "Xcode 3.2";
			developmentRegion = English;
			hasScannedForEncodings = 0;
			knownRegions = (
				en,
				Base,
			);
			mainGroup = C4D77B1F1A5ED6EF00DB83EC;
			productRefGroup = C4D77B291A5ED6EF00DB83EC /* Products */;
			projectDirPath = "";
			projectRoot = "";
			targets = (
				C4D77B271A5ED6EF00DB83EC /* TwitterClient */,
				C4D77B401A5ED6EF00DB83EC /* TwitterClientTests */,
			);
		};
/* End PBXProject section */

/* Begin PBXResourcesBuildPhase section */
		C4D77B261A5ED6EF00DB83EC /* Resources */ = {
			isa = PBXResourcesBuildPhase;
			buildActionMask = 2147483647;
			files = (
				C4D77B371A5ED6EF00DB83EC /* Main.storyboard in Resources */,
				C4D77B3C1A5ED6EF00DB83EC /* LaunchScreen.xib in Resources */,
				C4D77B391A5ED6EF00DB83EC /* Images.xcassets in Resources */,
			);
			runOnlyForDeploymentPostprocessing = 0;
		};
		C4D77B3F1A5ED6EF00DB83EC /* Resources */ = {
			isa = PBXResourcesBuildPhase;
			buildActionMask = 2147483647;
			files = (
			);
			runOnlyForDeploymentPostprocessing = 0;
		};
/* End PBXResourcesBuildPhase section */

/* Begin PBXSourcesBuildPhase section */
		C4D77B241A5ED6EF00DB83EC /* Sources */ = {
			isa = PBXSourcesBuildPhase;
			buildActionMask = 2147483647;
			files = (
				C474FE4C1A6052F30001E5C3 /* CollectionVC.m in Sources */,
				C4D77B341A5ED6EF00DB83EC /* ViewController.m in Sources */,
				C46C58711A62D85000F2394A /* ImageLoader.m in Sources */,
				C46C58681A618F8B00F2394A /* Geometry.m in Sources */,
				C474FE491A6052CB0001E5C3 /* TableVC.m in Sources */,
				C4D77B311A5ED6EF00DB83EC /* AppDelegate.m in Sources */,
				C4D77B2E1A5ED6EF00DB83EC /* main.m in Sources */,
				C4CF59DB1A6EA2BE00D939C6 /* NetworkManager.m in Sources */,
				C46C58651A61713F00F2394A /* NSDictionary+twitterFields.m in Sources */,
				C4CF59DF1A6ED60F00D939C6 /* Helper.m in Sources */,
				C4CF59E31A6EED3600D939C6 /* BaseVC.m in Sources */,
			);
			runOnlyForDeploymentPostprocessing = 0;
		};
		C4D77B3D1A5ED6EF00DB83EC /* Sources */ = {
			isa = PBXSourcesBuildPhase;
			buildActionMask = 2147483647;
			files = (
				C4D77B481A5ED6EF00DB83EC /* TwitterClientTests.m in Sources */,
			);
			runOnlyForDeploymentPostprocessing = 0;
		};
/* End PBXSourcesBuildPhase section */

/* Begin PBXTargetDependency section */
		C4D77B431A5ED6EF00DB83EC /* PBXTargetDependency */ = {
			isa = PBXTargetDependency;
			target = C4D77B271A5ED6EF00DB83EC /* TwitterClient */;
			targetProxy = C4D77B421A5ED6EF00DB83EC /* PBXContainerItemProxy */;
		};
/* End PBXTargetDependency section */

/* Begin PBXVariantGroup section */
		C4D77B351A5ED6EF00DB83EC /* Main.storyboard */ = {
			isa = PBXVariantGroup;
			children = (
				C4D77B361A5ED6EF00DB83EC /* Base */,
			);
			name = Main.storyboard;
			sourceTree = "<group>";
		};
		C4D77B3A1A5ED6EF00DB83EC /* LaunchScreen.xib */ = {
			isa = PBXVariantGroup;
			children = (
				C4D77B3B1A5ED6EF00DB83EC /* Base */,
			);
			name = LaunchScreen.xib;
			sourceTree = "<group>";
		};
/* End PBXVariantGroup section */

/* Begin XCBuildConfiguration section */
		C4D77B491A5ED6EF00DB83EC /* Debug */ = {
			isa = XCBuildConfiguration;
			buildSettings = {
				ALWAYS_SEARCH_USER_PATHS = NO;
				CLANG_CXX_LANGUAGE_STANDARD = "gnu++0x";
				CLANG_CXX_LIBRARY = "libc++";
				CLANG_ENABLE_MODULES = YES;
				CLANG_ENABLE_OBJC_ARC = YES;
				CLANG_WARN_BOOL_CONVERSION = YES;
				CLANG_WARN_CONSTANT_CONVERSION = YES;
				CLANG_WARN_DIRECT_OBJC_ISA_USAGE = YES_ERROR;
				CLANG_WARN_EMPTY_BODY = YES;
				CLANG_WARN_ENUM_CONVERSION = YES;
				CLANG_WARN_INT_CONVERSION = YES;
				CLANG_WARN_OBJC_ROOT_CLASS = YES_ERROR;
				CLANG_WARN_UNREACHABLE_CODE = YES;
				CLANG_WARN__DUPLICATE_METHOD_MATCH = YES;
				"CODE_SIGN_IDENTITY[sdk=iphoneos*]" = "iPhone Developer";
				COPY_PHASE_STRIP = NO;
				ENABLE_STRICT_OBJC_MSGSEND = YES;
				GCC_C_LANGUAGE_STANDARD = gnu99;
				GCC_DYNAMIC_NO_PIC = NO;
				GCC_OPTIMIZATION_LEVEL = 0;
				GCC_PREPROCESSOR_DEFINITIONS = (
					"DEBUG=1",
					"$(inherited)",
				);
				GCC_SYMBOLS_PRIVATE_EXTERN = NO;
				GCC_WARN_64_TO_32_BIT_CONVERSION = YES;
				GCC_WARN_ABOUT_RETURN_TYPE = YES_ERROR;
				GCC_WARN_UNDECLARED_SELECTOR = YES;
				GCC_WARN_UNINITIALIZED_AUTOS = YES_AGGRESSIVE;
				GCC_WARN_UNUSED_FUNCTION = YES;
				GCC_WARN_UNUSED_VARIABLE = YES;
				IPHONEOS_DEPLOYMENT_TARGET = 7.1;
				MTL_ENABLE_DEBUG_INFO = YES;
				ONLY_ACTIVE_ARCH = YES;
				SDKROOT = iphoneos;
				TARGETED_DEVICE_FAMILY = "1,2";
			};
			name = Debug;
		};
		C4D77B4A1A5ED6EF00DB83EC /* Release */ = {
			isa = XCBuildConfiguration;
			buildSettings = {
				ALWAYS_SEARCH_USER_PATHS = NO;
				CLANG_CXX_LANGUAGE_STANDARD = "gnu++0x";
				CLANG_CXX_LIBRARY = "libc++";
				CLANG_ENABLE_MODULES = YES;
				CLANG_ENABLE_OBJC_ARC = YES;
				CLANG_WARN_BOOL_CONVERSION = YES;
				CLANG_WARN_CONSTANT_CONVERSION = YES;
				CLANG_WARN_DIRECT_OBJC_ISA_USAGE = YES_ERROR;
				CLANG_WARN_EMPTY_BODY = YES;
				CLANG_WARN_ENUM_CONVERSION = YES;
				CLANG_WARN_INT_CONVERSION = YES;
				CLANG_WARN_OBJC_ROOT_CLASS = YES_ERROR;
				CLANG_WARN_UNREACHABLE_CODE = YES;
				CLANG_WARN__DUPLICATE_METHOD_MATCH = YES;
				"CODE_SIGN_IDENTITY[sdk=iphoneos*]" = "iPhone Developer";
				COPY_PHASE_STRIP = YES;
				ENABLE_NS_ASSERTIONS = NO;
				ENABLE_STRICT_OBJC_MSGSEND = YES;
				GCC_C_LANGUAGE_STANDARD = gnu99;
				GCC_WARN_64_TO_32_BIT_CONVERSION = YES;
				GCC_WARN_ABOUT_RETURN_TYPE = YES_ERROR;
				GCC_WARN_UNDECLARED_SELECTOR = YES;
				GCC_WARN_UNINITIALIZED_AUTOS = YES_AGGRESSIVE;
				GCC_WARN_UNUSED_FUNCTION = YES;
				GCC_WARN_UNUSED_VARIABLE = YES;
				IPHONEOS_DEPLOYMENT_TARGET = 7.1;
				MTL_ENABLE_DEBUG_INFO = NO;
				SDKROOT = iphoneos;
				TARGETED_DEVICE_FAMILY = "1,2";
				VALIDATE_PRODUCT = YES;
			};
			name = Release;
		};
		C4D77B4C1A5ED6EF00DB83EC /* Debug */ = {
			isa = XCBuildConfiguration;
			buildSettings = {
				ASSETCATALOG_COMPILER_APPICON_NAME = AppIcon;
				ASSETCATALOG_COMPILER_LAUNCHIMAGE_NAME = LaunchImage;
				INFOPLIST_FILE = TwitterClient/Info.plist;
				IPHONEOS_DEPLOYMENT_TARGET = 7.1;
				LD_RUNPATH_SEARCH_PATHS = "$(inherited) @executable_path/Frameworks";
				PRODUCT_NAME = "$(TARGET_NAME)";
			};
			name = Debug;
		};
		C4D77B4D1A5ED6EF00DB83EC /* Release */ = {
			isa = XCBuildConfiguration;
			buildSettings = {
				ASSETCATALOG_COMPILER_APPICON_NAME = AppIcon;
				ASSETCATALOG_COMPILER_LAUNCHIMAGE_NAME = LaunchImage;
				INFOPLIST_FILE = TwitterClient/Info.plist;
				IPHONEOS_DEPLOYMENT_TARGET = 7.1;
				LD_RUNPATH_SEARCH_PATHS = "$(inherited) @executable_path/Frameworks";
				PRODUCT_NAME = "$(TARGET_NAME)";
			};
			name = Release;
		};
		C4D77B4F1A5ED6EF00DB83EC /* Debug */ = {
			isa = XCBuildConfiguration;
			buildSettings = {
				BUNDLE_LOADER = "$(TEST_HOST)";
				FRAMEWORK_SEARCH_PATHS = (
					"$(SDKROOT)/Developer/Library/Frameworks",
					"$(inherited)",
				);
				GCC_PREPROCESSOR_DEFINITIONS = (
					"DEBUG=1",
					"$(inherited)",
				);
				INFOPLIST_FILE = TwitterClientTests/Info.plist;
				LD_RUNPATH_SEARCH_PATHS = "$(inherited) @executable_path/Frameworks @loader_path/Frameworks";
				PRODUCT_NAME = "$(TARGET_NAME)";
				TEST_HOST = "$(BUILT_PRODUCTS_DIR)/TwitterClient.app/TwitterClient";
			};
			name = Debug;
		};
		C4D77B501A5ED6EF00DB83EC /* Release */ = {
			isa = XCBuildConfiguration;
			buildSettings = {
				BUNDLE_LOADER = "$(TEST_HOST)";
				FRAMEWORK_SEARCH_PATHS = (
					"$(SDKROOT)/Developer/Library/Frameworks",
					"$(inherited)",
				);
				INFOPLIST_FILE = TwitterClientTests/Info.plist;
				LD_RUNPATH_SEARCH_PATHS = "$(inherited) @executable_path/Frameworks @loader_path/Frameworks";
				PRODUCT_NAME = "$(TARGET_NAME)";
				TEST_HOST = "$(BUILT_PRODUCTS_DIR)/TwitterClient.app/TwitterClient";
			};
			name = Release;
		};
/* End XCBuildConfiguration section */

/* Begin XCConfigurationList section */
		C4D77B231A5ED6EF00DB83EC /* Build configuration list for PBXProject "TwitterClient" */ = {
			isa = XCConfigurationList;
			buildConfigurations = (
				C4D77B491A5ED6EF00DB83EC /* Debug */,
				C4D77B4A1A5ED6EF00DB83EC /* Release */,
			);
			defaultConfigurationIsVisible = 0;
			defaultConfigurationName = Release;
		};
		C4D77B4B1A5ED6EF00DB83EC /* Build configuration list for PBXNativeTarget "TwitterClient" */ = {
			isa = XCConfigurationList;
			buildConfigurations = (
				C4D77B4C1A5ED6EF00DB83EC /* Debug */,
				C4D77B4D1A5ED6EF00DB83EC /* Release */,
			);
			defaultConfigurationIsVisible = 0;
			defaultConfigurationName = Release;
		};
		C4D77B4E1A5ED6EF00DB83EC /* Build configuration list for PBXNativeTarget "TwitterClientTests" */ = {
			isa = XCConfigurationList;
			buildConfigurations = (
				C4D77B4F1A5ED6EF00DB83EC /* Debug */,
				C4D77B501A5ED6EF00DB83EC /* Release */,
			);
			defaultConfigurationIsVisible = 0;
			defaultConfigurationName = Release;
		};
/* End XCConfigurationList section */
	};
	rootObject = C4D77B201A5ED6EF00DB83EC /* Project object */;
}
